// !$*UTF8*$!
{
	archiveVersion = 1;
	classes = {
	};
	objectVersion = 56;
	objects = {

/* Begin PBXBuildFile section */
		722A324228D8456B00E54DB2 /* LoginController.swift in Sources */ = {isa = PBXBuildFile; fileRef = 722A324128D8456B00E54DB2 /* LoginController.swift */; };
		722A324428D846E400E54DB2 /* RegistrationController.swift in Sources */ = {isa = PBXBuildFile; fileRef = 722A324328D846E400E54DB2 /* RegistrationController.swift */; };
		722A324628D84AE800E54DB2 /* Extensions.swift in Sources */ = {isa = PBXBuildFile; fileRef = 722A324528D84AE800E54DB2 /* Extensions.swift */; };
		722A324828D8832600E54DB2 /* Utilities.swift in Sources */ = {isa = PBXBuildFile; fileRef = 722A324728D8832600E54DB2 /* Utilities.swift */; };
		72511FDF28D9D93C00A1E53F /* GoogleService-Info.plist in Resources */ = {isa = PBXBuildFile; fileRef = 72511FDE28D9D93C00A1E53F /* GoogleService-Info.plist */; };
		72511FE228D9DC6F00A1E53F /* FirebaseAnalytics in Frameworks */ = {isa = PBXBuildFile; productRef = 72511FE128D9DC6F00A1E53F /* FirebaseAnalytics */; };
		72511FE428D9DC6F00A1E53F /* FirebaseAnalyticsOnDeviceConversion in Frameworks */ = {isa = PBXBuildFile; productRef = 72511FE328D9DC6F00A1E53F /* FirebaseAnalyticsOnDeviceConversion */; };
		72511FE628D9DC6F00A1E53F /* FirebaseAnalyticsSwift in Frameworks */ = {isa = PBXBuildFile; productRef = 72511FE528D9DC6F00A1E53F /* FirebaseAnalyticsSwift */; };
		72511FE828D9DC6F00A1E53F /* FirebaseAnalyticsWithoutAdIdSupport in Frameworks */ = {isa = PBXBuildFile; productRef = 72511FE728D9DC6F00A1E53F /* FirebaseAnalyticsWithoutAdIdSupport */; };
		72511FEA28D9DC6F00A1E53F /* FirebaseAppCheck in Frameworks */ = {isa = PBXBuildFile; productRef = 72511FE928D9DC6F00A1E53F /* FirebaseAppCheck */; };
		72511FEC28D9DC6F00A1E53F /* FirebaseAppDistribution-Beta in Frameworks */ = {isa = PBXBuildFile; productRef = 72511FEB28D9DC6F00A1E53F /* FirebaseAppDistribution-Beta */; };
		72511FEE28D9DC6F00A1E53F /* FirebaseAuth in Frameworks */ = {isa = PBXBuildFile; productRef = 72511FED28D9DC6F00A1E53F /* FirebaseAuth */; };
		72511FF028D9DC6F00A1E53F /* FirebaseAuthCombine-Community in Frameworks */ = {isa = PBXBuildFile; productRef = 72511FEF28D9DC6F00A1E53F /* FirebaseAuthCombine-Community */; };
		72511FF228D9DC6F00A1E53F /* FirebaseCrashlytics in Frameworks */ = {isa = PBXBuildFile; productRef = 72511FF128D9DC6F00A1E53F /* FirebaseCrashlytics */; };
		72511FF428D9DC6F00A1E53F /* FirebaseDatabase in Frameworks */ = {isa = PBXBuildFile; productRef = 72511FF328D9DC6F00A1E53F /* FirebaseDatabase */; };
		72511FF628D9DC6F00A1E53F /* FirebaseDatabaseSwift in Frameworks */ = {isa = PBXBuildFile; productRef = 72511FF528D9DC6F00A1E53F /* FirebaseDatabaseSwift */; };
		72511FF828D9DC6F00A1E53F /* FirebaseDynamicLinks in Frameworks */ = {isa = PBXBuildFile; productRef = 72511FF728D9DC6F00A1E53F /* FirebaseDynamicLinks */; };
		72511FFA28D9DC6F00A1E53F /* FirebaseFirestore in Frameworks */ = {isa = PBXBuildFile; productRef = 72511FF928D9DC6F00A1E53F /* FirebaseFirestore */; };
		72511FFC28D9DC6F00A1E53F /* FirebaseFirestoreCombine-Community in Frameworks */ = {isa = PBXBuildFile; productRef = 72511FFB28D9DC6F00A1E53F /* FirebaseFirestoreCombine-Community */; };
		72511FFE28D9DC6F00A1E53F /* FirebaseFirestoreSwift in Frameworks */ = {isa = PBXBuildFile; productRef = 72511FFD28D9DC6F00A1E53F /* FirebaseFirestoreSwift */; };
		7251200028D9DC6F00A1E53F /* FirebaseFunctions in Frameworks */ = {isa = PBXBuildFile; productRef = 72511FFF28D9DC6F00A1E53F /* FirebaseFunctions */; };
		7251200228D9DC6F00A1E53F /* FirebaseFunctionsCombine-Community in Frameworks */ = {isa = PBXBuildFile; productRef = 7251200128D9DC6F00A1E53F /* FirebaseFunctionsCombine-Community */; };
		7251200428D9DC6F00A1E53F /* FirebaseInAppMessaging-Beta in Frameworks */ = {isa = PBXBuildFile; productRef = 7251200328D9DC6F00A1E53F /* FirebaseInAppMessaging-Beta */; };
		7251200628D9DC6F00A1E53F /* FirebaseInAppMessagingSwift-Beta in Frameworks */ = {isa = PBXBuildFile; productRef = 7251200528D9DC6F00A1E53F /* FirebaseInAppMessagingSwift-Beta */; };
		7251200828D9DC6F00A1E53F /* FirebaseInstallations in Frameworks */ = {isa = PBXBuildFile; productRef = 7251200728D9DC6F00A1E53F /* FirebaseInstallations */; };
		7251200A28D9DC6F00A1E53F /* FirebaseMLModelDownloader in Frameworks */ = {isa = PBXBuildFile; productRef = 7251200928D9DC6F00A1E53F /* FirebaseMLModelDownloader */; };
		7251200C28D9DC6F00A1E53F /* FirebaseMessaging in Frameworks */ = {isa = PBXBuildFile; productRef = 7251200B28D9DC6F00A1E53F /* FirebaseMessaging */; };
		7251200E28D9DC6F00A1E53F /* FirebasePerformance in Frameworks */ = {isa = PBXBuildFile; productRef = 7251200D28D9DC6F00A1E53F /* FirebasePerformance */; };
		7251201028D9DC6F00A1E53F /* FirebaseRemoteConfig in Frameworks */ = {isa = PBXBuildFile; productRef = 7251200F28D9DC6F00A1E53F /* FirebaseRemoteConfig */; };
		7251201228D9DC6F00A1E53F /* FirebaseRemoteConfigSwift in Frameworks */ = {isa = PBXBuildFile; productRef = 7251201128D9DC6F00A1E53F /* FirebaseRemoteConfigSwift */; };
		7251201428D9DC6F00A1E53F /* FirebaseStorage in Frameworks */ = {isa = PBXBuildFile; productRef = 7251201328D9DC6F00A1E53F /* FirebaseStorage */; };
		7251201628D9DC6F00A1E53F /* FirebaseStorageCombine-Community in Frameworks */ = {isa = PBXBuildFile; productRef = 7251201528D9DC6F00A1E53F /* FirebaseStorageCombine-Community */; };
		72F637A328D712FD00CB1F7D /* AppDelegate.swift in Sources */ = {isa = PBXBuildFile; fileRef = 72F637A228D712FD00CB1F7D /* AppDelegate.swift */; };
		72F637A528D712FD00CB1F7D /* SceneDelegate.swift in Sources */ = {isa = PBXBuildFile; fileRef = 72F637A428D712FD00CB1F7D /* SceneDelegate.swift */; };
		72F637AA28D712FD00CB1F7D /* Main.storyboard in Resources */ = {isa = PBXBuildFile; fileRef = 72F637A828D712FD00CB1F7D /* Main.storyboard */; };
		72F637AC28D712FE00CB1F7D /* Assets.xcassets in Resources */ = {isa = PBXBuildFile; fileRef = 72F637AB28D712FE00CB1F7D /* Assets.xcassets */; };
		72F637AF28D712FE00CB1F7D /* LaunchScreen.storyboard in Resources */ = {isa = PBXBuildFile; fileRef = 72F637AD28D712FE00CB1F7D /* LaunchScreen.storyboard */; };
/* End PBXBuildFile section */

/* Begin PBXFileReference section */
		722A324128D8456B00E54DB2 /* LoginController.swift */ = {isa = PBXFileReference; lastKnownFileType = sourcecode.swift; path = LoginController.swift; sourceTree = "<group>"; };
		722A324328D846E400E54DB2 /* RegistrationController.swift */ = {isa = PBXFileReference; lastKnownFileType = sourcecode.swift; path = RegistrationController.swift; sourceTree = "<group>"; };
		722A324528D84AE800E54DB2 /* Extensions.swift */ = {isa = PBXFileReference; fileEncoding = 4; lastKnownFileType = sourcecode.swift; path = Extensions.swift; sourceTree = "<group>"; };
		722A324728D8832600E54DB2 /* Utilities.swift */ = {isa = PBXFileReference; lastKnownFileType = sourcecode.swift; path = Utilities.swift; sourceTree = "<group>"; };
		72511FDE28D9D93C00A1E53F /* GoogleService-Info.plist */ = {isa = PBXFileReference; fileEncoding = 4; lastKnownFileType = text.plist.xml; path = "GoogleService-Info.plist"; sourceTree = "<group>"; };
		72F6379F28D712FD00CB1F7D /* Hepi.app */ = {isa = PBXFileReference; explicitFileType = wrapper.application; includeInIndex = 0; path = Hepi.app; sourceTree = BUILT_PRODUCTS_DIR; };
		72F637A228D712FD00CB1F7D /* AppDelegate.swift */ = {isa = PBXFileReference; lastKnownFileType = sourcecode.swift; path = AppDelegate.swift; sourceTree = "<group>"; };
		72F637A428D712FD00CB1F7D /* SceneDelegate.swift */ = {isa = PBXFileReference; lastKnownFileType = sourcecode.swift; path = SceneDelegate.swift; sourceTree = "<group>"; };
		72F637A928D712FD00CB1F7D /* Base */ = {isa = PBXFileReference; lastKnownFileType = file.storyboard; name = Base; path = Base.lproj/Main.storyboard; sourceTree = "<group>"; };
		72F637AB28D712FE00CB1F7D /* Assets.xcassets */ = {isa = PBXFileReference; lastKnownFileType = folder.assetcatalog; path = Assets.xcassets; sourceTree = "<group>"; };
		72F637AE28D712FE00CB1F7D /* Base */ = {isa = PBXFileReference; lastKnownFileType = file.storyboard; name = Base; path = Base.lproj/LaunchScreen.storyboard; sourceTree = "<group>"; };
		72F637B028D712FE00CB1F7D /* Info.plist */ = {isa = PBXFileReference; lastKnownFileType = text.plist.xml; path = Info.plist; sourceTree = "<group>"; };
/* End PBXFileReference section */

/* Begin PBXFrameworksBuildPhase section */
		72F6379C28D712FD00CB1F7D /* Frameworks */ = {
			isa = PBXFrameworksBuildPhase;
			buildActionMask = 2147483647;
			files = (
				72511FF428D9DC6F00A1E53F /* FirebaseDatabase in Frameworks */,
				7251200228D9DC6F00A1E53F /* FirebaseFunctionsCombine-Community in Frameworks */,
				72511FFA28D9DC6F00A1E53F /* FirebaseFirestore in Frameworks */,
				72511FE628D9DC6F00A1E53F /* FirebaseAnalyticsSwift in Frameworks */,
				72511FE228D9DC6F00A1E53F /* FirebaseAnalytics in Frameworks */,
				72511FE428D9DC6F00A1E53F /* FirebaseAnalyticsOnDeviceConversion in Frameworks */,
				7251200A28D9DC6F00A1E53F /* FirebaseMLModelDownloader in Frameworks */,
				72511FFE28D9DC6F00A1E53F /* FirebaseFirestoreSwift in Frameworks */,
				72511FEA28D9DC6F00A1E53F /* FirebaseAppCheck in Frameworks */,
				72511FE828D9DC6F00A1E53F /* FirebaseAnalyticsWithoutAdIdSupport in Frameworks */,
				72511FEE28D9DC6F00A1E53F /* FirebaseAuth in Frameworks */,
				72511FF228D9DC6F00A1E53F /* FirebaseCrashlytics in Frameworks */,
				7251201228D9DC6F00A1E53F /* FirebaseRemoteConfigSwift in Frameworks */,
				7251200428D9DC6F00A1E53F /* FirebaseInAppMessaging-Beta in Frameworks */,
				72511FF628D9DC6F00A1E53F /* FirebaseDatabaseSwift in Frameworks */,
				7251200028D9DC6F00A1E53F /* FirebaseFunctions in Frameworks */,
				7251201628D9DC6F00A1E53F /* FirebaseStorageCombine-Community in Frameworks */,
				7251201028D9DC6F00A1E53F /* FirebaseRemoteConfig in Frameworks */,
				72511FEC28D9DC6F00A1E53F /* FirebaseAppDistribution-Beta in Frameworks */,
				72511FF028D9DC6F00A1E53F /* FirebaseAuthCombine-Community in Frameworks */,
				7251200E28D9DC6F00A1E53F /* FirebasePerformance in Frameworks */,
				7251200628D9DC6F00A1E53F /* FirebaseInAppMessagingSwift-Beta in Frameworks */,
				7251201428D9DC6F00A1E53F /* FirebaseStorage in Frameworks */,
				72511FF828D9DC6F00A1E53F /* FirebaseDynamicLinks in Frameworks */,
				72511FFC28D9DC6F00A1E53F /* FirebaseFirestoreCombine-Community in Frameworks */,
				7251200C28D9DC6F00A1E53F /* FirebaseMessaging in Frameworks */,
				7251200828D9DC6F00A1E53F /* FirebaseInstallations in Frameworks */,
			);
			runOnlyForDeploymentPostprocessing = 0;
		};
/* End PBXFrameworksBuildPhase section */

/* Begin PBXGroup section */
		722A323028D83E3700E54DB2 /* Utilities */ = {
			isa = PBXGroup;
			children = (
				722A324528D84AE800E54DB2 /* Extensions.swift */,
				722A324728D8832600E54DB2 /* Utilities.swift */,
			);
			path = Utilities;
			sourceTree = "<group>";
		};
		722A323128D83E4700E54DB2 /* API */ = {
			isa = PBXGroup;
			children = (
			);
			path = API;
			sourceTree = "<group>";
		};
		722A323228D83E5600E54DB2 /* Controller */ = {
			isa = PBXGroup;
			children = (
				722A324028D8454700E54DB2 /* Authentication */,
			);
			path = Controller;
			sourceTree = "<group>";
		};
		722A323328D83E5900E54DB2 /* ViewModel */ = {
			isa = PBXGroup;
			children = (
			);
			path = ViewModel;
			sourceTree = "<group>";
		};
		722A323428D83E5D00E54DB2 /* View */ = {
			isa = PBXGroup;
			children = (
			);
			path = View;
			sourceTree = "<group>";
		};
		722A323528D83E6100E54DB2 /* Model */ = {
			isa = PBXGroup;
			children = (
			);
			path = Model;
			sourceTree = "<group>";
		};
		722A324028D8454700E54DB2 /* Authentication */ = {
			isa = PBXGroup;
			children = (
				722A324128D8456B00E54DB2 /* LoginController.swift */,
				722A324328D846E400E54DB2 /* RegistrationController.swift */,
			);
			path = Authentication;
			sourceTree = "<group>";
		};
		72F6379628D712FD00CB1F7D = {
			isa = PBXGroup;
			children = (
				72F637A128D712FD00CB1F7D /* Hepi */,
				72F637A028D712FD00CB1F7D /* Products */,
			);
			sourceTree = "<group>";
		};
		72F637A028D712FD00CB1F7D /* Products */ = {
			isa = PBXGroup;
			children = (
				72F6379F28D712FD00CB1F7D /* Hepi.app */,
			);
			name = Products;
			sourceTree = "<group>";
		};
		72F637A128D712FD00CB1F7D /* Hepi */ = {
			isa = PBXGroup;
			children = (
				722A323528D83E6100E54DB2 /* Model */,
				722A323428D83E5D00E54DB2 /* View */,
				722A323328D83E5900E54DB2 /* ViewModel */,
				722A323228D83E5600E54DB2 /* Controller */,
				722A323128D83E4700E54DB2 /* API */,
				722A323028D83E3700E54DB2 /* Utilities */,
				72F637A228D712FD00CB1F7D /* AppDelegate.swift */,
				72F637A428D712FD00CB1F7D /* SceneDelegate.swift */,
				72F637A828D712FD00CB1F7D /* Main.storyboard */,
				72F637AB28D712FE00CB1F7D /* Assets.xcassets */,
				72F637AD28D712FE00CB1F7D /* LaunchScreen.storyboard */,
				72511FDE28D9D93C00A1E53F /* GoogleService-Info.plist */,
				72F637B028D712FE00CB1F7D /* Info.plist */,
			);
			path = Hepi;
			sourceTree = "<group>";
		};
/* End PBXGroup section */

/* Begin PBXNativeTarget section */
		72F6379E28D712FD00CB1F7D /* Hepi */ = {
			isa = PBXNativeTarget;
			buildConfigurationList = 72F637B328D712FE00CB1F7D /* Build configuration list for PBXNativeTarget "Hepi" */;
			buildPhases = (
				72F6379B28D712FD00CB1F7D /* Sources */,
				72F6379C28D712FD00CB1F7D /* Frameworks */,
				72F6379D28D712FD00CB1F7D /* Resources */,
			);
			buildRules = (
			);
			dependencies = (
			);
			name = Hepi;
			packageProductDependencies = (
				72511FE128D9DC6F00A1E53F /* FirebaseAnalytics */,
				72511FE328D9DC6F00A1E53F /* FirebaseAnalyticsOnDeviceConversion */,
				72511FE528D9DC6F00A1E53F /* FirebaseAnalyticsSwift */,
				72511FE728D9DC6F00A1E53F /* FirebaseAnalyticsWithoutAdIdSupport */,
				72511FE928D9DC6F00A1E53F /* FirebaseAppCheck */,
				72511FEB28D9DC6F00A1E53F /* FirebaseAppDistribution-Beta */,
				72511FED28D9DC6F00A1E53F /* FirebaseAuth */,
				72511FEF28D9DC6F00A1E53F /* FirebaseAuthCombine-Community */,
				72511FF128D9DC6F00A1E53F /* FirebaseCrashlytics */,
				72511FF328D9DC6F00A1E53F /* FirebaseDatabase */,
				72511FF528D9DC6F00A1E53F /* FirebaseDatabaseSwift */,
				72511FF728D9DC6F00A1E53F /* FirebaseDynamicLinks */,
				72511FF928D9DC6F00A1E53F /* FirebaseFirestore */,
				72511FFB28D9DC6F00A1E53F /* FirebaseFirestoreCombine-Community */,
				72511FFD28D9DC6F00A1E53F /* FirebaseFirestoreSwift */,
				72511FFF28D9DC6F00A1E53F /* FirebaseFunctions */,
				7251200128D9DC6F00A1E53F /* FirebaseFunctionsCombine-Community */,
				7251200328D9DC6F00A1E53F /* FirebaseInAppMessaging-Beta */,
				7251200528D9DC6F00A1E53F /* FirebaseInAppMessagingSwift-Beta */,
				7251200728D9DC6F00A1E53F /* FirebaseInstallations */,
				7251200928D9DC6F00A1E53F /* FirebaseMLModelDownloader */,
				7251200B28D9DC6F00A1E53F /* FirebaseMessaging */,
				7251200D28D9DC6F00A1E53F /* FirebasePerformance */,
				7251200F28D9DC6F00A1E53F /* FirebaseRemoteConfig */,
				7251201128D9DC6F00A1E53F /* FirebaseRemoteConfigSwift */,
				7251201328D9DC6F00A1E53F /* FirebaseStorage */,
				7251201528D9DC6F00A1E53F /* FirebaseStorageCombine-Community */,
			);
			productName = Hepi;
			productReference = 72F6379F28D712FD00CB1F7D /* Hepi.app */;
			productType = "com.apple.product-type.application";
		};
/* End PBXNativeTarget section */

/* Begin PBXProject section */
		72F6379728D712FD00CB1F7D /* Project object */ = {
			isa = PBXProject;
			attributes = {
				BuildIndependentTargetsInParallel = 1;
				LastSwiftUpdateCheck = 1400;
				LastUpgradeCheck = 1400;
				TargetAttributes = {
					72F6379E28D712FD00CB1F7D = {
						CreatedOnToolsVersion = 14.0;
					};
				};
			};
			buildConfigurationList = 72F6379A28D712FD00CB1F7D /* Build configuration list for PBXProject "Hepi" */;
			compatibilityVersion = "Xcode 14.0";
			developmentRegion = en;
			hasScannedForEncodings = 0;
			knownRegions = (
				en,
				Base,
			);
			mainGroup = 72F6379628D712FD00CB1F7D;
			packageReferences = (
				72511FE028D9DC6E00A1E53F /* XCRemoteSwiftPackageReference "firebase-ios-sdk" */,
			);
			productRefGroup = 72F637A028D712FD00CB1F7D /* Products */;
			projectDirPath = "";
			projectRoot = "";
			targets = (
				72F6379E28D712FD00CB1F7D /* Hepi */,
			);
		};
/* End PBXProject section */

/* Begin PBXResourcesBuildPhase section */
		72F6379D28D712FD00CB1F7D /* Resources */ = {
			isa = PBXResourcesBuildPhase;
			buildActionMask = 2147483647;
			files = (
				72F637AF28D712FE00CB1F7D /* LaunchScreen.storyboard in Resources */,
				72511FDF28D9D93C00A1E53F /* GoogleService-Info.plist in Resources */,
				72F637AC28D712FE00CB1F7D /* Assets.xcassets in Resources */,
				72F637AA28D712FD00CB1F7D /* Main.storyboard in Resources */,
			);
			runOnlyForDeploymentPostprocessing = 0;
		};
/* End PBXResourcesBuildPhase section */

/* Begin PBXSourcesBuildPhase section */
		72F6379B28D712FD00CB1F7D /* Sources */ = {
			isa = PBXSourcesBuildPhase;
			buildActionMask = 2147483647;
			files = (
				722A324828D8832600E54DB2 /* Utilities.swift in Sources */,
				722A324628D84AE800E54DB2 /* Extensions.swift in Sources */,
				72F637A328D712FD00CB1F7D /* AppDelegate.swift in Sources */,
				72F637A528D712FD00CB1F7D /* SceneDelegate.swift in Sources */,
				722A324428D846E400E54DB2 /* RegistrationController.swift in Sources */,
				722A324228D8456B00E54DB2 /* LoginController.swift in Sources */,
			);
			runOnlyForDeploymentPostprocessing = 0;
		};
/* End PBXSourcesBuildPhase section */

/* Begin PBXVariantGroup section */
		72F637A828D712FD00CB1F7D /* Main.storyboard */ = {
			isa = PBXVariantGroup;
			children = (
				72F637A928D712FD00CB1F7D /* Base */,
			);
			name = Main.storyboard;
			sourceTree = "<group>";
		};
		72F637AD28D712FE00CB1F7D /* LaunchScreen.storyboard */ = {
			isa = PBXVariantGroup;
			children = (
				72F637AE28D712FE00CB1F7D /* Base */,
			);
			name = LaunchScreen.storyboard;
			sourceTree = "<group>";
		};
/* End PBXVariantGroup section */

/* Begin XCBuildConfiguration section */
		72F637B128D712FE00CB1F7D /* Debug */ = {
			isa = XCBuildConfiguration;
			buildSettings = {
				ALWAYS_SEARCH_USER_PATHS = NO;
				CLANG_ANALYZER_NONNULL = YES;
				CLANG_ANALYZER_NUMBER_OBJECT_CONVERSION = YES_AGGRESSIVE;
				CLANG_CXX_LANGUAGE_STANDARD = "gnu++20";
				CLANG_ENABLE_MODULES = YES;
				CLANG_ENABLE_OBJC_ARC = YES;
				CLANG_ENABLE_OBJC_WEAK = YES;
				CLANG_WARN_BLOCK_CAPTURE_AUTORELEASING = YES;
				CLANG_WARN_BOOL_CONVERSION = YES;
				CLANG_WARN_COMMA = YES;
				CLANG_WARN_CONSTANT_CONVERSION = YES;
				CLANG_WARN_DEPRECATED_OBJC_IMPLEMENTATIONS = YES;
				CLANG_WARN_DIRECT_OBJC_ISA_USAGE = YES_ERROR;
				CLANG_WARN_DOCUMENTATION_COMMENTS = YES;
				CLANG_WARN_EMPTY_BODY = YES;
				CLANG_WARN_ENUM_CONVERSION = YES;
				CLANG_WARN_INFINITE_RECURSION = YES;
				CLANG_WARN_INT_CONVERSION = YES;
				CLANG_WARN_NON_LITERAL_NULL_CONVERSION = YES;
				CLANG_WARN_OBJC_IMPLICIT_RETAIN_SELF = YES;
				CLANG_WARN_OBJC_LITERAL_CONVERSION = YES;
				CLANG_WARN_OBJC_ROOT_CLASS = YES_ERROR;
				CLANG_WARN_QUOTED_INCLUDE_IN_FRAMEWORK_HEADER = YES;
				CLANG_WARN_RANGE_LOOP_ANALYSIS = YES;
				CLANG_WARN_STRICT_PROTOTYPES = YES;
				CLANG_WARN_SUSPICIOUS_MOVE = YES;
				CLANG_WARN_UNGUARDED_AVAILABILITY = YES_AGGRESSIVE;
				CLANG_WARN_UNREACHABLE_CODE = YES;
				CLANG_WARN__DUPLICATE_METHOD_MATCH = YES;
				COPY_PHASE_STRIP = NO;
				DEBUG_INFORMATION_FORMAT = dwarf;
				ENABLE_STRICT_OBJC_MSGSEND = YES;
				ENABLE_TESTABILITY = YES;
				GCC_C_LANGUAGE_STANDARD = gnu11;
				GCC_DYNAMIC_NO_PIC = NO;
				GCC_NO_COMMON_BLOCKS = YES;
				GCC_OPTIMIZATION_LEVEL = 0;
				GCC_PREPROCESSOR_DEFINITIONS = (
					"DEBUG=1",
					"$(inherited)",
				);
				GCC_WARN_64_TO_32_BIT_CONVERSION = YES;
				GCC_WARN_ABOUT_RETURN_TYPE = YES_ERROR;
				GCC_WARN_UNDECLARED_SELECTOR = YES;
				GCC_WARN_UNINITIALIZED_AUTOS = YES_AGGRESSIVE;
				GCC_WARN_UNUSED_FUNCTION = YES;
				GCC_WARN_UNUSED_VARIABLE = YES;
				IPHONEOS_DEPLOYMENT_TARGET = 16.0;
				MTL_ENABLE_DEBUG_INFO = INCLUDE_SOURCE;
				MTL_FAST_MATH = YES;
				ONLY_ACTIVE_ARCH = YES;
				SDKROOT = iphoneos;
				SWIFT_ACTIVE_COMPILATION_CONDITIONS = DEBUG;
				SWIFT_OPTIMIZATION_LEVEL = "-Onone";
			};
			name = Debug;
		};
		72F637B228D712FE00CB1F7D /* Release */ = {
			isa = XCBuildConfiguration;
			buildSettings = {
				ALWAYS_SEARCH_USER_PATHS = NO;
				CLANG_ANALYZER_NONNULL = YES;
				CLANG_ANALYZER_NUMBER_OBJECT_CONVERSION = YES_AGGRESSIVE;
				CLANG_CXX_LANGUAGE_STANDARD = "gnu++20";
				CLANG_ENABLE_MODULES = YES;
				CLANG_ENABLE_OBJC_ARC = YES;
				CLANG_ENABLE_OBJC_WEAK = YES;
				CLANG_WARN_BLOCK_CAPTURE_AUTORELEASING = YES;
				CLANG_WARN_BOOL_CONVERSION = YES;
				CLANG_WARN_COMMA = YES;
				CLANG_WARN_CONSTANT_CONVERSION = YES;
				CLANG_WARN_DEPRECATED_OBJC_IMPLEMENTATIONS = YES;
				CLANG_WARN_DIRECT_OBJC_ISA_USAGE = YES_ERROR;
				CLANG_WARN_DOCUMENTATION_COMMENTS = YES;
				CLANG_WARN_EMPTY_BODY = YES;
				CLANG_WARN_ENUM_CONVERSION = YES;
				CLANG_WARN_INFINITE_RECURSION = YES;
				CLANG_WARN_INT_CONVERSION = YES;
				CLANG_WARN_NON_LITERAL_NULL_CONVERSION = YES;
				CLANG_WARN_OBJC_IMPLICIT_RETAIN_SELF = YES;
				CLANG_WARN_OBJC_LITERAL_CONVERSION = YES;
				CLANG_WARN_OBJC_ROOT_CLASS = YES_ERROR;
				CLANG_WARN_QUOTED_INCLUDE_IN_FRAMEWORK_HEADER = YES;
				CLANG_WARN_RANGE_LOOP_ANALYSIS = YES;
				CLANG_WARN_STRICT_PROTOTYPES = YES;
				CLANG_WARN_SUSPICIOUS_MOVE = YES;
				CLANG_WARN_UNGUARDED_AVAILABILITY = YES_AGGRESSIVE;
				CLANG_WARN_UNREACHABLE_CODE = YES;
				CLANG_WARN__DUPLICATE_METHOD_MATCH = YES;
				COPY_PHASE_STRIP = NO;
				DEBUG_INFORMATION_FORMAT = "dwarf-with-dsym";
				ENABLE_NS_ASSERTIONS = NO;
				ENABLE_STRICT_OBJC_MSGSEND = YES;
				GCC_C_LANGUAGE_STANDARD = gnu11;
				GCC_NO_COMMON_BLOCKS = YES;
				GCC_WARN_64_TO_32_BIT_CONVERSION = YES;
				GCC_WARN_ABOUT_RETURN_TYPE = YES_ERROR;
				GCC_WARN_UNDECLARED_SELECTOR = YES;
				GCC_WARN_UNINITIALIZED_AUTOS = YES_AGGRESSIVE;
				GCC_WARN_UNUSED_FUNCTION = YES;
				GCC_WARN_UNUSED_VARIABLE = YES;
				IPHONEOS_DEPLOYMENT_TARGET = 16.0;
				MTL_ENABLE_DEBUG_INFO = NO;
				MTL_FAST_MATH = YES;
				SDKROOT = iphoneos;
				SWIFT_COMPILATION_MODE = wholemodule;
				SWIFT_OPTIMIZATION_LEVEL = "-O";
				VALIDATE_PRODUCT = YES;
			};
			name = Release;
		};
		72F637B428D712FE00CB1F7D /* Debug */ = {
			isa = XCBuildConfiguration;
			buildSettings = {
				ASSETCATALOG_COMPILER_APPICON_NAME = AppIcon;
				ASSETCATALOG_COMPILER_GLOBAL_ACCENT_COLOR_NAME = AccentColor;
				CODE_SIGN_STYLE = Automatic;
				CURRENT_PROJECT_VERSION = 1;
				GENERATE_INFOPLIST_FILE = YES;
				INFOPLIST_FILE = Hepi/Info.plist;
				INFOPLIST_KEY_UIApplicationSupportsIndirectInputEvents = YES;
				INFOPLIST_KEY_UILaunchStoryboardName = LaunchScreen;
				INFOPLIST_KEY_UIMainStoryboardFile = Main;
				INFOPLIST_KEY_UISupportedInterfaceOrientations_iPad = "UIInterfaceOrientationPortrait UIInterfaceOrientationPortraitUpsideDown UIInterfaceOrientationLandscapeLeft UIInterfaceOrientationLandscapeRight";
				INFOPLIST_KEY_UISupportedInterfaceOrientations_iPhone = "UIInterfaceOrientationPortrait UIInterfaceOrientationLandscapeLeft UIInterfaceOrientationLandscapeRight";
				LD_RUNPATH_SEARCH_PATHS = (
					"$(inherited)",
					"@executable_path/Frameworks",
				);
				MARKETING_VERSION = 1.0;
				PRODUCT_BUNDLE_IDENTIFIER = Skripsi.Hepi;
				PRODUCT_NAME = "$(TARGET_NAME)";
				SWIFT_EMIT_LOC_STRINGS = YES;
				SWIFT_VERSION = 5.0;
				TARGETED_DEVICE_FAMILY = "1,2";
			};
			name = Debug;
		};
		72F637B528D712FE00CB1F7D /* Release */ = {
			isa = XCBuildConfiguration;
			buildSettings = {
				ASSETCATALOG_COMPILER_APPICON_NAME = AppIcon;
				ASSETCATALOG_COMPILER_GLOBAL_ACCENT_COLOR_NAME = AccentColor;
				CODE_SIGN_STYLE = Automatic;
				CURRENT_PROJECT_VERSION = 1;
				GENERATE_INFOPLIST_FILE = YES;
				INFOPLIST_FILE = Hepi/Info.plist;
				INFOPLIST_KEY_UIApplicationSupportsIndirectInputEvents = YES;
				INFOPLIST_KEY_UILaunchStoryboardName = LaunchScreen;
				INFOPLIST_KEY_UIMainStoryboardFile = Main;
				INFOPLIST_KEY_UISupportedInterfaceOrientations_iPad = "UIInterfaceOrientationPortrait UIInterfaceOrientationPortraitUpsideDown UIInterfaceOrientationLandscapeLeft UIInterfaceOrientationLandscapeRight";
				INFOPLIST_KEY_UISupportedInterfaceOrientations_iPhone = "UIInterfaceOrientationPortrait UIInterfaceOrientationLandscapeLeft UIInterfaceOrientationLandscapeRight";
				LD_RUNPATH_SEARCH_PATHS = (
					"$(inherited)",
					"@executable_path/Frameworks",
				);
				MARKETING_VERSION = 1.0;
				PRODUCT_BUNDLE_IDENTIFIER = Skripsi.Hepi;
				PRODUCT_NAME = "$(TARGET_NAME)";
				SWIFT_EMIT_LOC_STRINGS = YES;
				SWIFT_VERSION = 5.0;
				TARGETED_DEVICE_FAMILY = "1,2";
			};
			name = Release;
		};
/* End XCBuildConfiguration section */

/* Begin XCConfigurationList section */
		72F6379A28D712FD00CB1F7D /* Build configuration list for PBXProject "Hepi" */ = {
			isa = XCConfigurationList;
			buildConfigurations = (
				72F637B128D712FE00CB1F7D /* Debug */,
				72F637B228D712FE00CB1F7D /* Release */,
			);
			defaultConfigurationIsVisible = 0;
			defaultConfigurationName = Release;
		};
		72F637B328D712FE00CB1F7D /* Build configuration list for PBXNativeTarget "Hepi" */ = {
			isa = XCConfigurationList;
			buildConfigurations = (
				72F637B428D712FE00CB1F7D /* Debug */,
				72F637B528D712FE00CB1F7D /* Release */,
			);
			defaultConfigurationIsVisible = 0;
			defaultConfigurationName = Release;
		};
/* End XCConfigurationList section */

/* Begin XCRemoteSwiftPackageReference section */
		72511FE028D9DC6E00A1E53F /* XCRemoteSwiftPackageReference "firebase-ios-sdk" */ = {
			isa = XCRemoteSwiftPackageReference;
			repositoryURL = "https://github.com/firebase/firebase-ios-sdk";
			requirement = {
				kind = upToNextMajorVersion;
				minimumVersion = 9.0.0;
			};
		};
/* End XCRemoteSwiftPackageReference section */

/* Begin XCSwiftPackageProductDependency section */
		72511FE128D9DC6F00A1E53F /* FirebaseAnalytics */ = {
			isa = XCSwiftPackageProductDependency;
			package = 72511FE028D9DC6E00A1E53F /* XCRemoteSwiftPackageReference "firebase-ios-sdk" */;
			productName = FirebaseAnalytics;
		};
		72511FE328D9DC6F00A1E53F /* FirebaseAnalyticsOnDeviceConversion */ = {
			isa = XCSwiftPackageProductDependency;
			package = 72511FE028D9DC6E00A1E53F /* XCRemoteSwiftPackageReference "firebase-ios-sdk" */;
			productName = FirebaseAnalyticsOnDeviceConversion;
		};
		72511FE528D9DC6F00A1E53F /* FirebaseAnalyticsSwift */ = {
			isa = XCSwiftPackageProductDependency;
			package = 72511FE028D9DC6E00A1E53F /* XCRemoteSwiftPackageReference "firebase-ios-sdk" */;
			productName = FirebaseAnalyticsSwift;
		};
		72511FE728D9DC6F00A1E53F /* FirebaseAnalyticsWithoutAdIdSupport */ = {
			isa = XCSwiftPackageProductDependency;
			package = 72511FE028D9DC6E00A1E53F /* XCRemoteSwiftPackageReference "firebase-ios-sdk" */;
			productName = FirebaseAnalyticsWithoutAdIdSupport;
		};
		72511FE928D9DC6F00A1E53F /* FirebaseAppCheck */ = {
			isa = XCSwiftPackageProductDependency;
			package = 72511FE028D9DC6E00A1E53F /* XCRemoteSwiftPackageReference "firebase-ios-sdk" */;
			productName = FirebaseAppCheck;
		};
		72511FEB28D9DC6F00A1E53F /* FirebaseAppDistribution-Beta */ = {
			isa = XCSwiftPackageProductDependency;
			package = 72511FE028D9DC6E00A1E53F /* XCRemoteSwiftPackageReference "firebase-ios-sdk" */;
			productName = "FirebaseAppDistribution-Beta";
		};
		72511FED28D9DC6F00A1E53F /* FirebaseAuth */ = {
			isa = XCSwiftPackageProductDependency;
			package = 72511FE028D9DC6E00A1E53F /* XCRemoteSwiftPackageReference "firebase-ios-sdk" */;
			productName = FirebaseAuth;
		};
		72511FEF28D9DC6F00A1E53F /* FirebaseAuthCombine-Community */ = {
			isa = XCSwiftPackageProductDependency;
			package = 72511FE028D9DC6E00A1E53F /* XCRemoteSwiftPackageReference "firebase-ios-sdk" */;
			productName = "FirebaseAuthCombine-Community";
		};
		72511FF128D9DC6F00A1E53F /* FirebaseCrashlytics */ = {
			isa = XCSwiftPackageProductDependency;
			package = 72511FE028D9DC6E00A1E53F /* XCRemoteSwiftPackageReference "firebase-ios-sdk" */;
			productName = FirebaseCrashlytics;
		};
		72511FF328D9DC6F00A1E53F /* FirebaseDatabase */ = {
			isa = XCSwiftPackageProductDependency;
			package = 72511FE028D9DC6E00A1E53F /* XCRemoteSwiftPackageReference "firebase-ios-sdk" */;
			productName = FirebaseDatabase;
		};
		72511FF528D9DC6F00A1E53F /* FirebaseDatabaseSwift */ = {
			isa = XCSwiftPackageProductDependency;
			package = 72511FE028D9DC6E00A1E53F /* XCRemoteSwiftPackageReference "firebase-ios-sdk" */;
			productName = FirebaseDatabaseSwift;
		};
		72511FF728D9DC6F00A1E53F /* FirebaseDynamicLinks */ = {
			isa = XCSwiftPackageProductDependency;
			package = 72511FE028D9DC6E00A1E53F /* XCRemoteSwiftPackageReference "firebase-ios-sdk" */;
			productName = FirebaseDynamicLinks;
		};
		72511FF928D9DC6F00A1E53F /* FirebaseFirestore */ = {
			isa = XCSwiftPackageProductDependency;
			package = 72511FE028D9DC6E00A1E53F /* XCRemoteSwiftPackageReference "firebase-ios-sdk" */;
			productName = FirebaseFirestore;
		};
		72511FFB28D9DC6F00A1E53F /* FirebaseFirestoreCombine-Community */ = {
			isa = XCSwiftPackageProductDependency;
			package = 72511FE028D9DC6E00A1E53F /* XCRemoteSwiftPackageReference "firebase-ios-sdk" */;
			productName = "FirebaseFirestoreCombine-Community";
		};
		72511FFD28D9DC6F00A1E53F /* FirebaseFirestoreSwift */ = {
			isa = XCSwiftPackageProductDependency;
			package = 72511FE028D9DC6E00A1E53F /* XCRemoteSwiftPackageReference "firebase-ios-sdk" */;
			productName = FirebaseFirestoreSwift;
		};
		72511FFF28D9DC6F00A1E53F /* FirebaseFunctions */ = {
			isa = XCSwiftPackageProductDependency;
			package = 72511FE028D9DC6E00A1E53F /* XCRemoteSwiftPackageReference "firebase-ios-sdk" */;
			productName = FirebaseFunctions;
		};
		7251200128D9DC6F00A1E53F /* FirebaseFunctionsCombine-Community */ = {
			isa = XCSwiftPackageProductDependency;
			package = 72511FE028D9DC6E00A1E53F /* XCRemoteSwiftPackageReference "firebase-ios-sdk" */;
			productName = "FirebaseFunctionsCombine-Community";
		};
		7251200328D9DC6F00A1E53F /* FirebaseInAppMessaging-Beta */ = {
			isa = XCSwiftPackageProductDependency;
			package = 72511FE028D9DC6E00A1E53F /* XCRemoteSwiftPackageReference "firebase-ios-sdk" */;
			productName = "FirebaseInAppMessaging-Beta";
		};
		7251200528D9DC6F00A1E53F /* FirebaseInAppMessagingSwift-Beta */ = {
			isa = XCSwiftPackageProductDependency;
			package = 72511FE028D9DC6E00A1E53F /* XCRemoteSwiftPackageReference "firebase-ios-sdk" */;
			productName = "FirebaseInAppMessagingSwift-Beta";
		};
		7251200728D9DC6F00A1E53F /* FirebaseInstallations */ = {
			isa = XCSwiftPackageProductDependency;
			package = 72511FE028D9DC6E00A1E53F /* XCRemoteSwiftPackageReference "firebase-ios-sdk" */;
			productName = FirebaseInstallations;
		};
		7251200928D9DC6F00A1E53F /* FirebaseMLModelDownloader */ = {
			isa = XCSwiftPackageProductDependency;
			package = 72511FE028D9DC6E00A1E53F /* XCRemoteSwiftPackageReference "firebase-ios-sdk" */;
			productName = FirebaseMLModelDownloader;
		};
		7251200B28D9DC6F00A1E53F /* FirebaseMessaging */ = {
			isa = XCSwiftPackageProductDependency;
			package = 72511FE028D9DC6E00A1E53F /* XCRemoteSwiftPackageReference "firebase-ios-sdk" */;
			productName = FirebaseMessaging;
		};
		7251200D28D9DC6F00A1E53F /* FirebasePerformance */ = {
			isa = XCSwiftPackageProductDependency;
			package = 72511FE028D9DC6E00A1E53F /* XCRemoteSwiftPackageReference "firebase-ios-sdk" */;
			productName = FirebasePerformance;
		};
		7251200F28D9DC6F00A1E53F /* FirebaseRemoteConfig */ = {
			isa = XCSwiftPackageProductDependency;
			package = 72511FE028D9DC6E00A1E53F /* XCRemoteSwiftPackageReference "firebase-ios-sdk" */;
			productName = FirebaseRemoteConfig;
		};
		7251201128D9DC6F00A1E53F /* FirebaseRemoteConfigSwift */ = {
			isa = XCSwiftPackageProductDependency;
			package = 72511FE028D9DC6E00A1E53F /* XCRemoteSwiftPackageReference "firebase-ios-sdk" */;
			productName = FirebaseRemoteConfigSwift;
		};
		7251201328D9DC6F00A1E53F /* FirebaseStorage */ = {
			isa = XCSwiftPackageProductDependency;
			package = 72511FE028D9DC6E00A1E53F /* XCRemoteSwiftPackageReference "firebase-ios-sdk" */;
			productName = FirebaseStorage;
		};
		7251201528D9DC6F00A1E53F /* FirebaseStorageCombine-Community */ = {
			isa = XCSwiftPackageProductDependency;
			package = 72511FE028D9DC6E00A1E53F /* XCRemoteSwiftPackageReference "firebase-ios-sdk" */;
			productName = "FirebaseStorageCombine-Community";
		};
/* End XCSwiftPackageProductDependency section */
	};
	rootObject = 72F6379728D712FD00CB1F7D /* Project object */;
}
